{
  "name": "claps_tennis",
  "lockfileVersion": 2,
  "requires": true,
  "packages": {
    "": {
      "dependencies": {
        "@types/google-apps-script": "^1.0.67"
      }
    },
    "node_modules/@types/google-apps-script": {
      "version": "1.0.67",
      "resolved": "https://registry.npmjs.org/@types/google-apps-script/-/google-apps-script-1.0.67.tgz",
      "integrity": "sha512-sJfwEKAfWMB22SRbNqfsr7MWVjaYT97eKl8DBTB3uVLJd4jpGibcFSsVqCuFuewzJgjLzj0aSC4gbaFyf3EpXg=="
    }
  },
  "dependencies": {
    "@types/google-apps-script": {
      "version": "1.0.67",
      "resolved": "https://registry.npmjs.org/@types/google-apps-script/-/google-apps-script-1.0.67.tgz",
      "integrity": "sha512-sJfwEKAfWMB22SRbNqfsr7MWVjaYT97eKl8DBTB3uVLJd4jpGibcFSsVqCuFuewzJgjLzj0aSC4gbaFyf3EpXg=="
    }
  }
}
